
Microsoft Visual Studio Solution File, Format Version 12.00
# Visual Studio Version 17
VisualStudioVersion = 17.11.35327.3
MinimumVisualStudioVersion = 10.0.40219.1
Project("{FAE04EC0-301F-11D3-BF4B-00C04F79EFBC}") = "WinFormsApp1", "WinFormsApp1\WinFormsApp1.csproj", "{848EA2F6-8676-40A4-8902-56BBDADBE900}"
EndProject
Global
	GlobalSection(SolutionConfigurationPlatforms) = preSolution
		Debug|Any CPU = Debug|Any CPU
		Release|Any CPU = Release|Any CPU
	EndGlobalSection
	GlobalSection(ProjectConfigurationPlatforms) = postSolution
		{848EA2F6-8676-40A4-8902-56BBDADBE900}.Debug|Any CPU.ActiveCfg = Debug|Any CPU
		{848EA2F6-8676-40A4-8902-56BBDADBE900}.Debug|Any CPU.Build.0 = Debug|Any CPU
		{848EA2F6-8676-40A4-8902-56BBDADBE900}.Release|Any CPU.ActiveCfg = Release|Any CPU
		{848EA2F6-8676-40A4-8902-56BBDADBE900}.Release|Any CPU.Build.0 = Release|Any CPU
	EndGlobalSection
	GlobalSection(SolutionProperties) = preSolution
		HideSolutionNode = FALSE
	EndGlobalSection
	GlobalSection(ExtensibilityGlobals) = postSolution
		SolutionGuid = {DED3B835-7C5C-427B-AA61-AFDB97A1EC0F}
	EndGlobalSection
EndGlobal
