
Microsoft Visual Studio Solution File, Format Version 12.00
# Visual Studio Version 17
VisualStudioVersion = 17.11.35327.3
MinimumVisualStudioVersion = 10.0.40219.1
Project("{FAE04EC0-301F-11D3-BF4B-00C04F79EFBC}") = "WinFormsApp2", "WinFormsApp2\WinFormsApp2.csproj", "{19F0DCAC-7CFB-4406-B15E-A6268202D194}"
EndProject
Global
	GlobalSection(SolutionConfigurationPlatforms) = preSolution
		Debug|Any CPU = Debug|Any CPU
		Release|Any CPU = Release|Any CPU
	EndGlobalSection
	GlobalSection(ProjectConfigurationPlatforms) = postSolution
		{19F0DCAC-7CFB-4406-B15E-A6268202D194}.Debug|Any CPU.ActiveCfg = Debug|Any CPU
		{19F0DCAC-7CFB-4406-B15E-A6268202D194}.Debug|Any CPU.Build.0 = Debug|Any CPU
		{19F0DCAC-7CFB-4406-B15E-A6268202D194}.Release|Any CPU.ActiveCfg = Release|Any CPU
		{19F0DCAC-7CFB-4406-B15E-A6268202D194}.Release|Any CPU.Build.0 = Release|Any CPU
	EndGlobalSection
	GlobalSection(SolutionProperties) = preSolution
		HideSolutionNode = FALSE
	EndGlobalSection
	GlobalSection(ExtensibilityGlobals) = postSolution
		SolutionGuid = {ACBE279E-0F8C-4C16-8005-116A9F7FB8F9}
	EndGlobalSection
EndGlobal
